github.com/Masterminds/semver/v3 v3.2.0 h1:3MEsd0SM6jqZojhjLWWeBY+Kcjy9i6MQAeY7YgDP83g=
github.com/Masterminds/semver/v3 v3.2.0/go.mod h1:qvl/7zhW3nngYb5+80sSMF+FG2BjYrf8m9wsX0PNOMQ=
github.com/andybalholm/brotli v1.0.5 h1:8uQZIdzKmjc/iuPu7O2ioW48L81FgatrcpfFmiq/cCs=
github.com/andybalholm/brotli v1.0.5/go.mod h1:fO7iG3H7G2nSZ7m0zPUDn85XEX2GTukHGRSepvi9Eig=
github.com/davecgh/go-spew v1.1.1 h1:vj9j/u1bqnvCEfJOwUhtlOARqs3+rkHYY13jYWTU97c=
github.com/evanw/esbuild v0.17.10 h1:RMwM8ehohA6RSgWVirjnsZ+u9ttNt0gWfRLYCxUbAoc=
github.com/evanw/esbuild v0.17.10/go.mod h1:iINY06rn799hi48UqEnaQvVfZWe6W9bET78LbvN8VWk=
github.com/ije/esbuild-internal v0.17.10 h1:jQaifxD1YzxlLMiNnGCWbo6+W0kJFKyDTQCSx98By6I=
github.com/ije/esbuild-internal v0.17.10/go.mod h1:UoKsnSemBwKVxxw6hikmxdxaxaB9PLe9IbbnrM1abZU=
github.com/ije/gox v0.6.1 h1:GGWzuAb5EugWYXqwgFrWDJah3tFZGgG8hA8Hl5Dgj8E=
github.com/ije/gox v0.6.1/go.mod h1:HeDdgw2DUqWKHUyRjy9pdS4ESVxxv+0N5iOufd1JGRs=
github.com/ije/rex v1.8.6 h1:vUS2vcx57aXsV9r7d8wy16ZWb7/+UAoo6XdTU5Fn8II=
github.com/ije/rex v1.8.6/go.mod h1:GTQleVgwWKsCzeaghGbUEGCVb20SdKChL7arKqcwKqU=
github.com/mssola/useragent v1.0.0 h1:WRlDpXyxHDNfvZaPEut5Biveq86Ze4o4EMffyMxmH5o=
github.com/mssola/useragent v1.0.0/go.mod h1:hz9Cqz4RXusgg1EdI4Al0INR62kP7aPSRNHnpU+b85Y=
github.com/pmezard/go-difflib v1.0.0 h1:4DBwDE0NGyQoBHbLQYPwSUPoCMWR5BEzIk/f1lZbAQM=
github.com/rs/cors v1.8.3 h1:O+qNyWn7Z+F9M0ILBHgMVPuB1xTOucVd5gtaYyXBpRo=
github.com/rs/cors v1.8.3/go.mod h1:XyqrcTp5zjWr1wsJ8PIRZssZ8b/WMcMf71DJnit4EMU=
github.com/stretchr/testify v1.8.1 h1:w7B6lhMri9wdJUVmEZPGGhZzrYTPvgJArz7wNPgYKsk=
go.etcd.io/bbolt v1.3.7 h1:j+zJOnnEjF/kyHlDDgGnVL/AIqIJPq8UoB2GSNfkUfQ=
go.etcd.io/bbolt v1.3.7/go.mod h1:N9Mkw9X8x5fupy0IKsmuqVtoGDyxsaDlbk4Rd05IAQw=
golang.org/x/crypto v0.6.0 h1:qfktjS5LUO+fFKeJXZ+ikTRijMmljikvG68fpMMruSc=
golang.org/x/crypto v0.6.0/go.mod h1:OFC/31mSvZgRz0V1QTNCzfAI1aIRzbiufJtkMIlEp58=
golang.org/x/net v0.7.0 h1:rJrUqqhjsgNp7KqAIc25s9pZnjU7TUcSY7HcVZjdn1g=
golang.org/x/net v0.7.0/go.mod h1:2Tu9+aMcznHK/AK1HMvgo6xiTLG5rD5rZLDS+rp2Bjs=
golang.org/x/sys v0.0.0-20220715151400-c0bba94af5f8/go.mod h1:oPkhp1MJrh7nUepCBck5+mAzfO9JrbApNNgaTdGDITg=
golang.org/x/sys v0.5.0 h1:MUK/U/4lj1t1oPg0HfuXDN/Z1wv31ZJ/YcPiGccS4DU=
golang.org/x/sys v0.5.0/go.mod h1:oPkhp1MJrh7nUepCBck5+mAzfO9JrbApNNgaTdGDITg=
golang.org/x/text v0.7.0 h1:4BRB4x83lYWy72KwLD/qYDuTu7q9PjSagHvijDw7cLo=
golang.org/x/text v0.7.0/go.mod h1:mrYo+phRRbMaCq/xk9113O4dZlRixOauAjOtrjsXDZ8=
gopkg.in/yaml.v3 v3.0.1 h1:fxVm/GzAzEWqLHuvctI91KS9hhNmmWOoWu0XTYJS7CA=
