lockfileVersion: '9.0'

settings:
  autoInstallPeers: true
  excludeLinksFromLockfile: false

importers:

  .:
    devDependencies:
      '@types/ua-parser-js':
        specifier: 0.7.39
        version: 0.7.39
      esbuild:
        specifier: 0.21.1
        version: 0.21.1
      ua-parser-js:
        specifier: 1.0.37
        version: 1.0.37

packages:

  '@esbuild/aix-ppc64@0.21.1':
    resolution: {integrity: sha512-O7yppwipkXvnEPjzkSXJRk2g4bS8sUx9p9oXHq9MU/U7lxUzZVsnFZMDTmeeX9bfQxrFcvOacl/ENgOh0WP9pA==}
    engines: {node: '>=12'}
    cpu: [ppc64]
    os: [aix]

  '@esbuild/android-arm64@0.21.1':
    resolution: {integrity: sha512-jXhccq6es+onw7x8MxoFnm820mz7sGa9J14kLADclmiEUH4fyj+FjR6t0M93RgtlI/awHWhtF0Wgfhqgf9gDZA==}
    engines: {node: '>=12'}
    cpu: [arm64]
    os: [android]

  '@esbuild/android-arm@0.21.1':
    resolution: {integrity: sha512-hh3jKWikdnTtHCglDAeVO3Oyh8MaH8xZUaWMiCCvJ9/c3NtPqZq+CACOlGTxhddypXhl+8B45SeceYBfB/e8Ow==}
    engines: {node: '>=12'}
    cpu: [arm]
    os: [android]

  '@esbuild/android-x64@0.21.1':
    resolution: {integrity: sha512-NPObtlBh4jQHE01gJeucqEhdoD/4ya2owSIS8lZYS58aR0x7oZo9lB2lVFxgTANSa5MGCBeoQtr+yA9oKCGPvA==}
    engines: {node: '>=12'}
    cpu: [x64]
    os: [android]

  '@esbuild/darwin-arm64@0.21.1':
    resolution: {integrity: sha512-BLT7TDzqsVlQRmJfO/FirzKlzmDpBWwmCUlyggfzUwg1cAxVxeA4O6b1XkMInlxISdfPAOunV9zXjvh5x99Heg==}
    engines: {node: '>=12'}
    cpu: [arm64]
    os: [darwin]

  '@esbuild/darwin-x64@0.21.1':
    resolution: {integrity: sha512-D3h3wBQmeS/vp93O4B+SWsXB8HvRDwMyhTNhBd8yMbh5wN/2pPWRW5o/hM3EKgk9bdKd9594lMGoTCTiglQGRQ==}
    engines: {node: '>=12'}
    cpu: [x64]
    os: [darwin]

  '@esbuild/freebsd-arm64@0.21.1':
    resolution: {integrity: sha512-/uVdqqpNKXIxT6TyS/oSK4XE4xWOqp6fh4B5tgAwozkyWdylcX+W4YF2v6SKsL4wCQ5h1bnaSNjWPXG/2hp8AQ==}
    engines: {node: '>=12'}
    cpu: [arm64]
    os: [freebsd]

  '@esbuild/freebsd-x64@0.21.1':
    resolution: {integrity: sha512-paAkKN1n1jJitw+dAoR27TdCzxRl1FOEITx3h201R6NoXUojpMzgMLdkXVgCvaCSCqwYkeGLoe9UVNRDKSvQgw==}
    engines: {node: '>=12'}
    cpu: [x64]
    os: [freebsd]

  '@esbuild/linux-arm64@0.21.1':
    resolution: {integrity: sha512-G65d08YoH00TL7Xg4LaL3gLV21bpoAhQ+r31NUu013YB7KK0fyXIt05VbsJtpqh/6wWxoLJZOvQHYnodRrnbUQ==}
    engines: {node: '>=12'}
    cpu: [arm64]
    os: [linux]

  '@esbuild/linux-arm@0.21.1':
    resolution: {integrity: sha512-tRHnxWJnvNnDpNVnsyDhr1DIQZUfCXlHSCDohbXFqmg9W4kKR7g8LmA3kzcwbuxbRMKeit8ladnCabU5f2traA==}
    engines: {node: '>=12'}
    cpu: [arm]
    os: [linux]

  '@esbuild/linux-ia32@0.21.1':
    resolution: {integrity: sha512-tt/54LqNNAqCz++QhxoqB9+XqdsaZOtFD/srEhHYwBd3ZUOepmR1Eeot8bS+Q7BiEvy9vvKbtpHf+r6q8hF5UA==}
    engines: {node: '>=12'}
    cpu: [ia32]
    os: [linux]

  '@esbuild/linux-loong64@0.21.1':
    resolution: {integrity: sha512-MhNalK6r0nZD0q8VzUBPwheHzXPr9wronqmZrewLfP7ui9Fv1tdPmg6e7A8lmg0ziQCziSDHxh3cyRt4YMhGnQ==}
    engines: {node: '>=12'}
    cpu: [loong64]
    os: [linux]

  '@esbuild/linux-mips64el@0.21.1':
    resolution: {integrity: sha512-YCKVY7Zen5rwZV+nZczOhFmHaeIxR4Zn3jcmNH53LbgF6IKRwmrMywqDrg4SiSNApEefkAbPSIzN39FC8VsxPg==}
    engines: {node: '>=12'}
    cpu: [mips64el]
    os: [linux]

  '@esbuild/linux-ppc64@0.21.1':
    resolution: {integrity: sha512-bw7bcQ+270IOzDV4mcsKAnDtAFqKO0jVv3IgRSd8iM0ac3L8amvCrujRVt1ajBTJcpDaFhIX+lCNRKteoDSLig==}
    engines: {node: '>=12'}
    cpu: [ppc64]
    os: [linux]

  '@esbuild/linux-riscv64@0.21.1':
    resolution: {integrity: sha512-ARmDRNkcOGOm1AqUBSwRVDfDeD9hGYRfkudP2QdoonBz1ucWVnfBPfy7H4JPI14eYtZruRSczJxyu7SRYDVOcg==}
    engines: {node: '>=12'}
    cpu: [riscv64]
    os: [linux]

  '@esbuild/linux-s390x@0.21.1':
    resolution: {integrity: sha512-o73TcUNMuoTZlhwFdsgr8SfQtmMV58sbgq6gQq9G1xUiYnHMTmJbwq65RzMx89l0iya69lR4bxBgtWiiOyDQZA==}
    engines: {node: '>=12'}
    cpu: [s390x]
    os: [linux]

  '@esbuild/linux-x64@0.21.1':
    resolution: {integrity: sha512-da4/1mBJwwgJkbj4fMH7SOXq2zapgTo0LKXX1VUZ0Dxr+e8N0WbS80nSZ5+zf3lvpf8qxrkZdqkOqFfm57gXwA==}
    engines: {node: '>=12'}
    cpu: [x64]
    os: [linux]

  '@esbuild/netbsd-x64@0.21.1':
    resolution: {integrity: sha512-CPWs0HTFe5woTJN5eKPvgraUoRHrCtzlYIAv9wBC+FAyagBSaf+UdZrjwYyTGnwPGkThV4OCI7XibZOnPvONVw==}
    engines: {node: '>=12'}
    cpu: [x64]
    os: [netbsd]

  '@esbuild/openbsd-x64@0.21.1':
    resolution: {integrity: sha512-xxhTm5QtzNLc24R0hEkcH+zCx/o49AsdFZ0Cy5zSd/5tOj4X2g3/2AJB625NoadUuc4A8B3TenLJoYdWYOYCew==}
    engines: {node: '>=12'}
    cpu: [x64]
    os: [openbsd]

  '@esbuild/sunos-x64@0.21.1':
    resolution: {integrity: sha512-CWibXszpWys1pYmbr9UiKAkX6x+Sxw8HWtw1dRESK1dLW5fFJ6rMDVw0o8MbadusvVQx1a8xuOxnHXT941Hp1A==}
    engines: {node: '>=12'}
    cpu: [x64]
    os: [sunos]

  '@esbuild/win32-arm64@0.21.1':
    resolution: {integrity: sha512-jb5B4k+xkytGbGUS4T+Z89cQJ9DJ4lozGRSV+hhfmCPpfJ3880O31Q1srPCimm+V6UCbnigqD10EgDNgjvjerQ==}
    engines: {node: '>=12'}
    cpu: [arm64]
    os: [win32]

  '@esbuild/win32-ia32@0.21.1':
    resolution: {integrity: sha512-PgyFvjJhXqHn1uxPhyN1wZ6dIomKjiLUQh1LjFvjiV1JmnkZ/oMPrfeEAZg5R/1ftz4LZWZr02kefNIQ5SKREQ==}
    engines: {node: '>=12'}
    cpu: [ia32]
    os: [win32]

  '@esbuild/win32-x64@0.21.1':
    resolution: {integrity: sha512-W9NttRZQR5ehAiqHGDnvfDaGmQOm6Fi4vSlce8mjM75x//XKuVAByohlEX6N17yZnVXxQFuh4fDRunP8ca6bfA==}
    engines: {node: '>=12'}
    cpu: [x64]
    os: [win32]

  '@types/ua-parser-js@0.7.39':
    resolution: {integrity: sha512-P/oDfpofrdtF5xw433SPALpdSchtJmY7nsJItf8h3KXqOslkbySh8zq4dSWXH2oTjRvJ5PczVEoCZPow6GicLg==}

  esbuild@0.21.1:
    resolution: {integrity: sha512-GPqx+FX7mdqulCeQ4TsGZQ3djBJkx5k7zBGtqt9ycVlWNg8llJ4RO9n2vciu8BN2zAEs6lPbPl0asZsAh7oWzg==}
    engines: {node: '>=12'}
    hasBin: true

  ua-parser-js@1.0.37:
    resolution: {integrity: sha512-bhTyI94tZofjo+Dn8SN6Zv8nBDvyXTymAdM3LDI/0IboIUwTu1rEhW7v2TfiVsoYWgkQ4kOVqnI8APUFbIQIFQ==}

snapshots:

  '@esbuild/aix-ppc64@0.21.1':
    optional: true

  '@esbuild/android-arm64@0.21.1':
    optional: true

  '@esbuild/android-arm@0.21.1':
    optional: true

  '@esbuild/android-x64@0.21.1':
    optional: true

  '@esbuild/darwin-arm64@0.21.1':
    optional: true

  '@esbuild/darwin-x64@0.21.1':
    optional: true

  '@esbuild/freebsd-arm64@0.21.1':
    optional: true

  '@esbuild/freebsd-x64@0.21.1':
    optional: true

  '@esbuild/linux-arm64@0.21.1':
    optional: true

  '@esbuild/linux-arm@0.21.1':
    optional: true

  '@esbuild/linux-ia32@0.21.1':
    optional: true

  '@esbuild/linux-loong64@0.21.1':
    optional: true

  '@esbuild/linux-mips64el@0.21.1':
    optional: true

  '@esbuild/linux-ppc64@0.21.1':
    optional: true

  '@esbuild/linux-riscv64@0.21.1':
    optional: true

  '@esbuild/linux-s390x@0.21.1':
    optional: true

  '@esbuild/linux-x64@0.21.1':
    optional: true

  '@esbuild/netbsd-x64@0.21.1':
    optional: true

  '@esbuild/openbsd-x64@0.21.1':
    optional: true

  '@esbuild/sunos-x64@0.21.1':
    optional: true

  '@esbuild/win32-arm64@0.21.1':
    optional: true

  '@esbuild/win32-ia32@0.21.1':
    optional: true

  '@esbuild/win32-x64@0.21.1':
    optional: true

  '@types/ua-parser-js@0.7.39': {}

  esbuild@0.21.1:
    optionalDependencies:
      '@esbuild/aix-ppc64': 0.21.1
      '@esbuild/android-arm': 0.21.1
      '@esbuild/android-arm64': 0.21.1
      '@esbuild/android-x64': 0.21.1
      '@esbuild/darwin-arm64': 0.21.1
      '@esbuild/darwin-x64': 0.21.1
      '@esbuild/freebsd-arm64': 0.21.1
      '@esbuild/freebsd-x64': 0.21.1
      '@esbuild/linux-arm': 0.21.1
      '@esbuild/linux-arm64': 0.21.1
      '@esbuild/linux-ia32': 0.21.1
      '@esbuild/linux-loong64': 0.21.1
      '@esbuild/linux-mips64el': 0.21.1
      '@esbuild/linux-ppc64': 0.21.1
      '@esbuild/linux-riscv64': 0.21.1
      '@esbuild/linux-s390x': 0.21.1
      '@esbuild/linux-x64': 0.21.1
      '@esbuild/netbsd-x64': 0.21.1
      '@esbuild/openbsd-x64': 0.21.1
      '@esbuild/sunos-x64': 0.21.1
      '@esbuild/win32-arm64': 0.21.1
      '@esbuild/win32-ia32': 0.21.1
      '@esbuild/win32-x64': 0.21.1

  ua-parser-js@1.0.37: {}
