{
	"name": "esm-node-services",
	"version": "0.6.0",
	"lockfileVersion": 2,
	"requires": true,
	"packages": {
		"": {
			"name": "esm-node-services",
			"version": "0.6.0",
			"license": "MIT",
			"dependencies": {
				"cjs-esm-exports": "^0.6.1",
				"enhanced-resolve": "^5.9.2"
			}
		},
		"node_modules/cjs-esm-exports": {
			"version": "0.6.1",
			"resolved": "https://registry.npmjs.org/cjs-esm-exports/-/cjs-esm-exports-0.6.1.tgz",
			"integrity": "sha512-qtfn4HnQyiA3W7wkmvc+odJDCBVWp3VBLX3eB7XJFaXKsBAviuiQgpY6B4eYQWwlfINbq0JRZxuV3b045aagEw=="
		},
		"node_modules/enhanced-resolve": {
			"version": "5.9.2",
			"resolved": "https://registry.npmjs.org/enhanced-resolve/-/enhanced-resolve-5.9.2.tgz",
			"integrity": "sha512-GIm3fQfwLJ8YZx2smuHpBKkXC1yOk+OBEmKckVyL0i/ea8mqDEykK3ld5dgH1QYPNyT/lIllxV2LULnxCHaHkA==",
			"dependencies": {
				"graceful-fs": "^4.2.4",
				"tapable": "^2.2.0"
			},
			"engines": {
				"node": ">=10.13.0"
			}
		},
		"node_modules/graceful-fs": {
			"version": "4.2.8",
			"resolved": "https://registry.npmjs.org/graceful-fs/-/graceful-fs-4.2.8.tgz",
			"integrity": "sha512-qkIilPUYcNhJpd33n0GBXTB1MMPp14TxEsEs0pTrsSVucApsYzW5V+Q8Qxhik6KU3evy+qkAAowTByymK0avdg=="
		},
		"node_modules/tapable": {
			"version": "2.2.1",
			"resolved": "https://registry.npmjs.org/tapable/-/tapable-2.2.1.tgz",
			"integrity": "sha512-GNzQvQTOIP6RyTfE2Qxb8ZVlNmw0n88vp1szwWRimP02mnTsx3Wtn5qRdqY9w2XduFNUgvOwhNnQsjwCp+kqaQ==",
			"engines": {
				"node": ">=6"
			}
		}
	},
	"dependencies": {
		"cjs-esm-exports": {
			"version": "0.6.1",
			"resolved": "https://registry.npmjs.org/cjs-esm-exports/-/cjs-esm-exports-0.6.1.tgz",
			"integrity": "sha512-qtfn4HnQyiA3W7wkmvc+odJDCBVWp3VBLX3eB7XJFaXKsBAviuiQgpY6B4eYQWwlfINbq0JRZxuV3b045aagEw=="
		},
		"enhanced-resolve": {
			"version": "5.9.2",
			"resolved": "https://registry.npmjs.org/enhanced-resolve/-/enhanced-resolve-5.9.2.tgz",
			"integrity": "sha512-GIm3fQfwLJ8YZx2smuHpBKkXC1yOk+OBEmKckVyL0i/ea8mqDEykK3ld5dgH1QYPNyT/lIllxV2LULnxCHaHkA==",
			"requires": {
				"graceful-fs": "^4.2.4",
				"tapable": "^2.2.0"
			}
		},
		"graceful-fs": {
			"version": "4.2.8",
			"resolved": "https://registry.npmjs.org/graceful-fs/-/graceful-fs-4.2.8.tgz",
			"integrity": "sha512-qkIilPUYcNhJpd33n0GBXTB1MMPp14TxEsEs0pTrsSVucApsYzW5V+Q8Qxhik6KU3evy+qkAAowTByymK0avdg=="
		},
		"tapable": {
			"version": "2.2.1",
			"resolved": "https://registry.npmjs.org/tapable/-/tapable-2.2.1.tgz",
			"integrity": "sha512-GNzQvQTOIP6RyTfE2Qxb8ZVlNmw0n88vp1szwWRimP02mnTsx3Wtn5qRdqY9w2XduFNUgvOwhNnQsjwCp+kqaQ=="
		}
	}
}
