{
  "name": "esm-node-services",
  "version": "0.8.3",
  "lockfileVersion": 2,
  "requires": true,
  "packages": {
    "": {
      "name": "esm-node-services",
      "version": "0.8.3",
      "license": "MIT",
      "dependencies": {
        "enhanced-resolve": "5.15.0",
        "esm-cjs-lexer": "0.8.1"
      }
    },
    "node_modules/enhanced-resolve": {
      "version": "5.15.0",
      "resolved": "https://registry.npmjs.org/enhanced-resolve/-/enhanced-resolve-5.15.0.tgz",
      "integrity": "sha512-LXYT42KJ7lpIKECr2mAXIaMldcNCh/7E0KBKOu4KSfkHmP+mZmSs+8V5gBAqisWBy0OO4W5Oyys0GO1Y8KtdKg==",
      "dependencies": {
        "graceful-fs": "^4.2.4",
        "tapable": "^2.2.0"
      },
      "engines": {
        "node": ">=10.13.0"
      }
    },
    "node_modules/esm-cjs-lexer": {
      "version": "0.8.1",
      "resolved": "https://registry.npmjs.org/esm-cjs-lexer/-/esm-cjs-lexer-0.8.1.tgz",
      "integrity": "sha512-/mowNW0xA4Kacw2TNrVNjgoWd78OTVAVTRE2kdMA1MSMy8nEVmcnHUV32QZ21KUaJwTucJjsrRJig70akC1KTw=="
    },
    "node_modules/graceful-fs": {
      "version": "4.2.8",
      "resolved": "https://registry.npmjs.org/graceful-fs/-/graceful-fs-4.2.8.tgz",
      "integrity": "sha512-qkIilPUYcNhJpd33n0GBXTB1MMPp14TxEsEs0pTrsSVucApsYzW5V+Q8Qxhik6KU3evy+qkAAowTByymK0avdg=="
    },
    "node_modules/tapable": {
      "version": "2.2.1",
      "resolved": "https://registry.npmjs.org/tapable/-/tapable-2.2.1.tgz",
      "integrity": "sha512-GNzQvQTOIP6RyTfE2Qxb8ZVlNmw0n88vp1szwWRimP02mnTsx3Wtn5qRdqY9w2XduFNUgvOwhNnQsjwCp+kqaQ==",
      "engines": {
        "node": ">=6"
      }
    }
  },
  "dependencies": {
    "enhanced-resolve": {
      "version": "5.15.0",
      "resolved": "https://registry.npmjs.org/enhanced-resolve/-/enhanced-resolve-5.15.0.tgz",
      "integrity": "sha512-LXYT42KJ7lpIKECr2mAXIaMldcNCh/7E0KBKOu4KSfkHmP+mZmSs+8V5gBAqisWBy0OO4W5Oyys0GO1Y8KtdKg==",
      "requires": {
        "graceful-fs": "^4.2.4",
        "tapable": "^2.2.0"
      }
    },
    "esm-cjs-lexer": {
      "version": "0.8.1",
      "resolved": "https://registry.npmjs.org/esm-cjs-lexer/-/esm-cjs-lexer-0.8.1.tgz",
      "integrity": "sha512-/mowNW0xA4Kacw2TNrVNjgoWd78OTVAVTRE2kdMA1MSMy8nEVmcnHUV32QZ21KUaJwTucJjsrRJig70akC1KTw=="
    },
    "graceful-fs": {
      "version": "4.2.8",
      "resolved": "https://registry.npmjs.org/graceful-fs/-/graceful-fs-4.2.8.tgz",
      "integrity": "sha512-qkIilPUYcNhJpd33n0GBXTB1MMPp14TxEsEs0pTrsSVucApsYzW5V+Q8Qxhik6KU3evy+qkAAowTByymK0avdg=="
    },
    "tapable": {
      "version": "2.2.1",
      "resolved": "https://registry.npmjs.org/tapable/-/tapable-2.2.1.tgz",
      "integrity": "sha512-GNzQvQTOIP6RyTfE2Qxb8ZVlNmw0n88vp1szwWRimP02mnTsx3Wtn5qRdqY9w2XduFNUgvOwhNnQsjwCp+kqaQ=="
    }
  }
}
