{
  "name": "esm-node-services",
  "version": "0.7.6",
  "lockfileVersion": 2,
  "requires": true,
  "packages": {
    "": {
      "name": "esm-node-services",
      "version": "0.7.6",
      "license": "MIT",
      "dependencies": {
        "enhanced-resolve": "5.12.0",
        "esm-cjs-lexer": "0.7.5"
      }
    },
    "node_modules/enhanced-resolve": {
      "version": "5.12.0",
      "resolved": "https://registry.npmjs.org/enhanced-resolve/-/enhanced-resolve-5.12.0.tgz",
      "integrity": "sha512-QHTXI/sZQmko1cbDoNAa3mJ5qhWUUNAq3vR0/YiD379fWQrcfuoX1+HW2S0MTt7XmoPLapdaDKUtelUSPic7hQ==",
      "dependencies": {
        "graceful-fs": "^4.2.4",
        "tapable": "^2.2.0"
      },
      "engines": {
        "node": ">=10.13.0"
      }
    },
    "node_modules/esm-cjs-lexer": {
      "version": "0.7.5",
      "resolved": "https://registry.npmjs.org/esm-cjs-lexer/-/esm-cjs-lexer-0.7.5.tgz",
      "integrity": "sha512-0MFynI5LrKHSU1T2eDeP9DlnvzG+qAjuinm2vdptr6B8vUUF7dpMCy56oWg7P1HzcCr1aGvulWwjXzcK94qwIA=="
    },
    "node_modules/graceful-fs": {
      "version": "4.2.8",
      "resolved": "https://registry.npmjs.org/graceful-fs/-/graceful-fs-4.2.8.tgz",
      "integrity": "sha512-qkIilPUYcNhJpd33n0GBXTB1MMPp14TxEsEs0pTrsSVucApsYzW5V+Q8Qxhik6KU3evy+qkAAowTByymK0avdg=="
    },
    "node_modules/tapable": {
      "version": "2.2.1",
      "resolved": "https://registry.npmjs.org/tapable/-/tapable-2.2.1.tgz",
      "integrity": "sha512-GNzQvQTOIP6RyTfE2Qxb8ZVlNmw0n88vp1szwWRimP02mnTsx3Wtn5qRdqY9w2XduFNUgvOwhNnQsjwCp+kqaQ==",
      "engines": {
        "node": ">=6"
      }
    }
  },
  "dependencies": {
    "enhanced-resolve": {
      "version": "5.12.0",
      "resolved": "https://registry.npmjs.org/enhanced-resolve/-/enhanced-resolve-5.12.0.tgz",
      "integrity": "sha512-QHTXI/sZQmko1cbDoNAa3mJ5qhWUUNAq3vR0/YiD379fWQrcfuoX1+HW2S0MTt7XmoPLapdaDKUtelUSPic7hQ==",
      "requires": {
        "graceful-fs": "^4.2.4",
        "tapable": "^2.2.0"
      }
    },
    "esm-cjs-lexer": {
      "version": "0.7.5",
      "resolved": "https://registry.npmjs.org/esm-cjs-lexer/-/esm-cjs-lexer-0.7.5.tgz",
      "integrity": "sha512-0MFynI5LrKHSU1T2eDeP9DlnvzG+qAjuinm2vdptr6B8vUUF7dpMCy56oWg7P1HzcCr1aGvulWwjXzcK94qwIA=="
    },
    "graceful-fs": {
      "version": "4.2.8",
      "resolved": "https://registry.npmjs.org/graceful-fs/-/graceful-fs-4.2.8.tgz",
      "integrity": "sha512-qkIilPUYcNhJpd33n0GBXTB1MMPp14TxEsEs0pTrsSVucApsYzW5V+Q8Qxhik6KU3evy+qkAAowTByymK0avdg=="
    },
    "tapable": {
      "version": "2.2.1",
      "resolved": "https://registry.npmjs.org/tapable/-/tapable-2.2.1.tgz",
      "integrity": "sha512-GNzQvQTOIP6RyTfE2Qxb8ZVlNmw0n88vp1szwWRimP02mnTsx3Wtn5qRdqY9w2XduFNUgvOwhNnQsjwCp+kqaQ=="
    }
  }
}
