{
	"name": "esm-cjs-exports",
	"version": "0.4.0",
	"lockfileVersion": 2,
	"requires": true,
	"packages": {
		"": {
			"name": "esm-cjs-exports",
			"version": "0.4.0",
			"license": "MIT",
			"dependencies": {
				"cjs-esm-exports": "^0.4.0",
				"enhanced-resolve": "^5.8.3"
			}
		},
		"node_modules/cjs-esm-exports": {
			"version": "0.4.0",
			"resolved": "https://registry.npmjs.org/cjs-esm-exports/-/cjs-esm-exports-0.4.0.tgz",
			"integrity": "sha512-af2tPqLMbz6qQQLjpaqW5ec2lMAqHfIjkFasHJXzkmi3PPFOy9HCqieAf48UEmGHM+6joONHS2IH/3GXfdSKrA=="
		},
		"node_modules/enhanced-resolve": {
			"version": "5.8.3",
			"resolved": "https://registry.npmjs.org/enhanced-resolve/-/enhanced-resolve-5.8.3.tgz",
			"integrity": "sha512-EGAbGvH7j7Xt2nc0E7D99La1OiEs8LnyimkRgwExpUMScN6O+3x9tIWs7PLQZVNx4YD+00skHXPXi1yQHpAmZA==",
			"dependencies": {
				"graceful-fs": "^4.2.4",
				"tapable": "^2.2.0"
			},
			"engines": {
				"node": ">=10.13.0"
			}
		},
		"node_modules/graceful-fs": {
			"version": "4.2.8",
			"resolved": "https://registry.npmjs.org/graceful-fs/-/graceful-fs-4.2.8.tgz",
			"integrity": "sha512-qkIilPUYcNhJpd33n0GBXTB1MMPp14TxEsEs0pTrsSVucApsYzW5V+Q8Qxhik6KU3evy+qkAAowTByymK0avdg=="
		},
		"node_modules/tapable": {
			"version": "2.2.1",
			"resolved": "https://registry.npmjs.org/tapable/-/tapable-2.2.1.tgz",
			"integrity": "sha512-GNzQvQTOIP6RyTfE2Qxb8ZVlNmw0n88vp1szwWRimP02mnTsx3Wtn5qRdqY9w2XduFNUgvOwhNnQsjwCp+kqaQ==",
			"engines": {
				"node": ">=6"
			}
		}
	},
	"dependencies": {
		"cjs-esm-exports": {
			"version": "0.4.0",
			"resolved": "https://registry.npmjs.org/cjs-esm-exports/-/cjs-esm-exports-0.4.0.tgz",
			"integrity": "sha512-af2tPqLMbz6qQQLjpaqW5ec2lMAqHfIjkFasHJXzkmi3PPFOy9HCqieAf48UEmGHM+6joONHS2IH/3GXfdSKrA=="
		},
		"enhanced-resolve": {
			"version": "5.8.3",
			"resolved": "https://registry.npmjs.org/enhanced-resolve/-/enhanced-resolve-5.8.3.tgz",
			"integrity": "sha512-EGAbGvH7j7Xt2nc0E7D99La1OiEs8LnyimkRgwExpUMScN6O+3x9tIWs7PLQZVNx4YD+00skHXPXi1yQHpAmZA==",
			"requires": {
				"graceful-fs": "^4.2.4",
				"tapable": "^2.2.0"
			}
		},
		"graceful-fs": {
			"version": "4.2.8",
			"resolved": "https://registry.npmjs.org/graceful-fs/-/graceful-fs-4.2.8.tgz",
			"integrity": "sha512-qkIilPUYcNhJpd33n0GBXTB1MMPp14TxEsEs0pTrsSVucApsYzW5V+Q8Qxhik6KU3evy+qkAAowTByymK0avdg=="
		},
		"tapable": {
			"version": "2.2.1",
			"resolved": "https://registry.npmjs.org/tapable/-/tapable-2.2.1.tgz",
			"integrity": "sha512-GNzQvQTOIP6RyTfE2Qxb8ZVlNmw0n88vp1szwWRimP02mnTsx3Wtn5qRdqY9w2XduFNUgvOwhNnQsjwCp+kqaQ=="
		}
	}
}
