lockfileVersion: '6.0'

settings:
  autoInstallPeers: true
  excludeLinksFromLockfile: false

devDependencies:
  '@cloudflare/workers-types':
    specifier: 4.20231121.0
    version: 4.20231121.0
  '@types/ua-parser-js':
    specifier: 0.7.39
    version: 0.7.39
  '@unocss/core':
    specifier: 0.57.7
    version: 0.57.7
  '@unocss/preset-wind':
    specifier: 0.57.7
    version: 0.57.7
  compare-versions:
    specifier: 6.1.0
    version: 6.1.0
  esbuild:
    specifier: 0.19.7
    version: 0.19.7
  ua-parser-js:
    specifier: 1.0.37
    version: 1.0.37

packages:

  /@cloudflare/workers-types@4.20231121.0:
    resolution: {integrity: sha512-+kWfpCkqiepwAKXyHoE0gnkPgkLhz0/9HOBIGhHRsUvUKvhUtm3mbqqoGRWgF1qcjzrDUBbrrOq4MYHfFtc2RA==}
    dev: true

  /@esbuild/android-arm64@0.19.7:
    resolution: {integrity: sha512-YEDcw5IT7hW3sFKZBkCAQaOCJQLONVcD4bOyTXMZz5fr66pTHnAet46XAtbXAkJRfIn2YVhdC6R9g4xa27jQ1w==}
    engines: {node: '>=12'}
    cpu: [arm64]
    os: [android]
    requiresBuild: true
    dev: true
    optional: true

  /@esbuild/android-arm@0.19.7:
    resolution: {integrity: sha512-YGSPnndkcLo4PmVl2tKatEn+0mlVMr3yEpOOT0BeMria87PhvoJb5dg5f5Ft9fbCVgtAz4pWMzZVgSEGpDAlww==}
    engines: {node: '>=12'}
    cpu: [arm]
    os: [android]
    requiresBuild: true
    dev: true
    optional: true

  /@esbuild/android-x64@0.19.7:
    resolution: {integrity: sha512-jhINx8DEjz68cChFvM72YzrqfwJuFbfvSxZAk4bebpngGfNNRm+zRl4rtT9oAX6N9b6gBcFaJHFew5Blf6CvUw==}
    engines: {node: '>=12'}
    cpu: [x64]
    os: [android]
    requiresBuild: true
    dev: true
    optional: true

  /@esbuild/darwin-arm64@0.19.7:
    resolution: {integrity: sha512-dr81gbmWN//3ZnBIm6YNCl4p3pjnabg1/ZVOgz2fJoUO1a3mq9WQ/1iuEluMs7mCL+Zwv7AY5e3g1hjXqQZ9Iw==}
    engines: {node: '>=12'}
    cpu: [arm64]
    os: [darwin]
    requiresBuild: true
    dev: true
    optional: true

  /@esbuild/darwin-x64@0.19.7:
    resolution: {integrity: sha512-Lc0q5HouGlzQEwLkgEKnWcSazqr9l9OdV2HhVasWJzLKeOt0PLhHaUHuzb8s/UIya38DJDoUm74GToZ6Wc7NGQ==}
    engines: {node: '>=12'}
    cpu: [x64]
    os: [darwin]
    requiresBuild: true
    dev: true
    optional: true

  /@esbuild/freebsd-arm64@0.19.7:
    resolution: {integrity: sha512-+y2YsUr0CxDFF7GWiegWjGtTUF6gac2zFasfFkRJPkMAuMy9O7+2EH550VlqVdpEEchWMynkdhC9ZjtnMiHImQ==}
    engines: {node: '>=12'}
    cpu: [arm64]
    os: [freebsd]
    requiresBuild: true
    dev: true
    optional: true

  /@esbuild/freebsd-x64@0.19.7:
    resolution: {integrity: sha512-CdXOxIbIzPJmJhrpmJTLx+o35NoiKBIgOvmvT+jeSadYiWJn0vFKsl+0bSG/5lwjNHoIDEyMYc/GAPR9jxusTA==}
    engines: {node: '>=12'}
    cpu: [x64]
    os: [freebsd]
    requiresBuild: true
    dev: true
    optional: true

  /@esbuild/linux-arm64@0.19.7:
    resolution: {integrity: sha512-inHqdOVCkUhHNvuQPT1oCB7cWz9qQ/Cz46xmVe0b7UXcuIJU3166aqSunsqkgSGMtUCWOZw3+KMwI6otINuC9g==}
    engines: {node: '>=12'}
    cpu: [arm64]
    os: [linux]
    requiresBuild: true
    dev: true
    optional: true

  /@esbuild/linux-arm@0.19.7:
    resolution: {integrity: sha512-Y+SCmWxsJOdQtjcBxoacn/pGW9HDZpwsoof0ttL+2vGcHokFlfqV666JpfLCSP2xLxFpF1lj7T3Ox3sr95YXww==}
    engines: {node: '>=12'}
    cpu: [arm]
    os: [linux]
    requiresBuild: true
    dev: true
    optional: true

  /@esbuild/linux-ia32@0.19.7:
    resolution: {integrity: sha512-2BbiL7nLS5ZO96bxTQkdO0euGZIUQEUXMTrqLxKUmk/Y5pmrWU84f+CMJpM8+EHaBPfFSPnomEaQiG/+Gmh61g==}
    engines: {node: '>=12'}
    cpu: [ia32]
    os: [linux]
    requiresBuild: true
    dev: true
    optional: true

  /@esbuild/linux-loong64@0.19.7:
    resolution: {integrity: sha512-BVFQla72KXv3yyTFCQXF7MORvpTo4uTA8FVFgmwVrqbB/4DsBFWilUm1i2Oq6zN36DOZKSVUTb16jbjedhfSHw==}
    engines: {node: '>=12'}
    cpu: [loong64]
    os: [linux]
    requiresBuild: true
    dev: true
    optional: true

  /@esbuild/linux-mips64el@0.19.7:
    resolution: {integrity: sha512-DzAYckIaK+pS31Q/rGpvUKu7M+5/t+jI+cdleDgUwbU7KdG2eC3SUbZHlo6Q4P1CfVKZ1lUERRFP8+q0ob9i2w==}
    engines: {node: '>=12'}
    cpu: [mips64el]
    os: [linux]
    requiresBuild: true
    dev: true
    optional: true

  /@esbuild/linux-ppc64@0.19.7:
    resolution: {integrity: sha512-JQ1p0SmUteNdUaaiRtyS59GkkfTW0Edo+e0O2sihnY4FoZLz5glpWUQEKMSzMhA430ctkylkS7+vn8ziuhUugQ==}
    engines: {node: '>=12'}
    cpu: [ppc64]
    os: [linux]
    requiresBuild: true
    dev: true
    optional: true

  /@esbuild/linux-riscv64@0.19.7:
    resolution: {integrity: sha512-xGwVJ7eGhkprY/nB7L7MXysHduqjpzUl40+XoYDGC4UPLbnG+gsyS1wQPJ9lFPcxYAaDXbdRXd1ACs9AE9lxuw==}
    engines: {node: '>=12'}
    cpu: [riscv64]
    os: [linux]
    requiresBuild: true
    dev: true
    optional: true

  /@esbuild/linux-s390x@0.19.7:
    resolution: {integrity: sha512-U8Rhki5PVU0L0nvk+E8FjkV8r4Lh4hVEb9duR6Zl21eIEYEwXz8RScj4LZWA2i3V70V4UHVgiqMpszXvG0Yqhg==}
    engines: {node: '>=12'}
    cpu: [s390x]
    os: [linux]
    requiresBuild: true
    dev: true
    optional: true

  /@esbuild/linux-x64@0.19.7:
    resolution: {integrity: sha512-ZYZopyLhm4mcoZXjFt25itRlocKlcazDVkB4AhioiL9hOWhDldU9n38g62fhOI4Pth6vp+Mrd5rFKxD0/S+7aQ==}
    engines: {node: '>=12'}
    cpu: [x64]
    os: [linux]
    requiresBuild: true
    dev: true
    optional: true

  /@esbuild/netbsd-x64@0.19.7:
    resolution: {integrity: sha512-/yfjlsYmT1O3cum3J6cmGG16Fd5tqKMcg5D+sBYLaOQExheAJhqr8xOAEIuLo8JYkevmjM5zFD9rVs3VBcsjtQ==}
    engines: {node: '>=12'}
    cpu: [x64]
    os: [netbsd]
    requiresBuild: true
    dev: true
    optional: true

  /@esbuild/openbsd-x64@0.19.7:
    resolution: {integrity: sha512-MYDFyV0EW1cTP46IgUJ38OnEY5TaXxjoDmwiTXPjezahQgZd+j3T55Ht8/Q9YXBM0+T9HJygrSRGV5QNF/YVDQ==}
    engines: {node: '>=12'}
    cpu: [x64]
    os: [openbsd]
    requiresBuild: true
    dev: true
    optional: true

  /@esbuild/sunos-x64@0.19.7:
    resolution: {integrity: sha512-JcPvgzf2NN/y6X3UUSqP6jSS06V0DZAV/8q0PjsZyGSXsIGcG110XsdmuWiHM+pno7/mJF6fjH5/vhUz/vA9fw==}
    engines: {node: '>=12'}
    cpu: [x64]
    os: [sunos]
    requiresBuild: true
    dev: true
    optional: true

  /@esbuild/win32-arm64@0.19.7:
    resolution: {integrity: sha512-ZA0KSYti5w5toax5FpmfcAgu3ZNJxYSRm0AW/Dao5up0YV1hDVof1NvwLomjEN+3/GMtaWDI+CIyJOMTRSTdMw==}
    engines: {node: '>=12'}
    cpu: [arm64]
    os: [win32]
    requiresBuild: true
    dev: true
    optional: true

  /@esbuild/win32-ia32@0.19.7:
    resolution: {integrity: sha512-CTOnijBKc5Jpk6/W9hQMMvJnsSYRYgveN6O75DTACCY18RA2nqka8dTZR+x/JqXCRiKk84+5+bRKXUSbbwsS0A==}
    engines: {node: '>=12'}
    cpu: [ia32]
    os: [win32]
    requiresBuild: true
    dev: true
    optional: true

  /@esbuild/win32-x64@0.19.7:
    resolution: {integrity: sha512-gRaP2sk6hc98N734luX4VpF318l3w+ofrtTu9j5L8EQXF+FzQKV6alCOHMVoJJHvVK/mGbwBXfOL1HETQu9IGQ==}
    engines: {node: '>=12'}
    cpu: [x64]
    os: [win32]
    requiresBuild: true
    dev: true
    optional: true

  /@jridgewell/sourcemap-codec@1.4.15:
    resolution: {integrity: sha512-eF2rxCRulEKXHTRiDrDy6erMYWqNw4LPdQ8UQA4huuxaQsVeRPFl2oM8oDGxMFhJUWZf9McpLtJasDDZb/Bpeg==}
    dev: true

  /@types/ua-parser-js@0.7.39:
    resolution: {integrity: sha512-P/oDfpofrdtF5xw433SPALpdSchtJmY7nsJItf8h3KXqOslkbySh8zq4dSWXH2oTjRvJ5PczVEoCZPow6GicLg==}
    dev: true

  /@unocss/core@0.57.7:
    resolution: {integrity: sha512-1d36M0CV3yC80J0pqOa5rH1BX6g2iZdtKmIb3oSBN4AWnMCSrrJEPBrUikyMq2TEQTrYWJIVDzv5A9hBUat3TA==}
    dev: true

  /@unocss/extractor-arbitrary-variants@0.57.7:
    resolution: {integrity: sha512-JdyhPlsgS0x4zoF8WYXDcusPcpU4ysE6Rkkit4a9+xUZEvg7vy7InH6PQ8dL8B9oY7pbxF7G6eFguUDpv9xx4Q==}
    dependencies:
      '@unocss/core': 0.57.7
    dev: true

  /@unocss/preset-mini@0.57.7:
    resolution: {integrity: sha512-YPmmh+ZIg4J7/nPMfvzD1tOfUFD+8KEFXX9ISRteooflYeosn2YytGW66d/sq97AZos9N630FJ//DvPD2wfGwA==}
    dependencies:
      '@unocss/core': 0.57.7
      '@unocss/extractor-arbitrary-variants': 0.57.7
      '@unocss/rule-utils': 0.57.7
    dev: true

  /@unocss/preset-wind@0.57.7:
    resolution: {integrity: sha512-olQ6+w0fQ84eEC1t7SF4vJyKcyawkDWSRF5YufOqeQZL3zjqBzMQi+3PUlKCstrDO1DNZ3qdcwg1vPHRmuX9VA==}
    dependencies:
      '@unocss/core': 0.57.7
      '@unocss/preset-mini': 0.57.7
      '@unocss/rule-utils': 0.57.7
    dev: true

  /@unocss/rule-utils@0.57.7:
    resolution: {integrity: sha512-gLqbKTIetvRynLkhonu1znr+bmWnw+Cl3dFVNgZPGjiqGHd78PGS0gXQKvzuyN0iO2ADub1A7GlCWs826iEHjA==}
    engines: {node: '>=14'}
    dependencies:
      '@unocss/core': 0.57.7
      magic-string: 0.30.5
    dev: true

  /compare-versions@6.1.0:
    resolution: {integrity: sha512-LNZQXhqUvqUTotpZ00qLSaify3b4VFD588aRr8MKFw4CMUr98ytzCW5wDH5qx/DEY5kCDXcbcRuCqL0szEf2tg==}
    dev: true

  /esbuild@0.19.7:
    resolution: {integrity: sha512-6brbTZVqxhqgbpqBR5MzErImcpA0SQdoKOkcWK/U30HtQxnokIpG3TX2r0IJqbFUzqLjhU/zC1S5ndgakObVCQ==}
    engines: {node: '>=12'}
    hasBin: true
    requiresBuild: true
    optionalDependencies:
      '@esbuild/android-arm': 0.19.7
      '@esbuild/android-arm64': 0.19.7
      '@esbuild/android-x64': 0.19.7
      '@esbuild/darwin-arm64': 0.19.7
      '@esbuild/darwin-x64': 0.19.7
      '@esbuild/freebsd-arm64': 0.19.7
      '@esbuild/freebsd-x64': 0.19.7
      '@esbuild/linux-arm': 0.19.7
      '@esbuild/linux-arm64': 0.19.7
      '@esbuild/linux-ia32': 0.19.7
      '@esbuild/linux-loong64': 0.19.7
      '@esbuild/linux-mips64el': 0.19.7
      '@esbuild/linux-ppc64': 0.19.7
      '@esbuild/linux-riscv64': 0.19.7
      '@esbuild/linux-s390x': 0.19.7
      '@esbuild/linux-x64': 0.19.7
      '@esbuild/netbsd-x64': 0.19.7
      '@esbuild/openbsd-x64': 0.19.7
      '@esbuild/sunos-x64': 0.19.7
      '@esbuild/win32-arm64': 0.19.7
      '@esbuild/win32-ia32': 0.19.7
      '@esbuild/win32-x64': 0.19.7
    dev: true

  /magic-string@0.30.5:
    resolution: {integrity: sha512-7xlpfBaQaP/T6Vh8MO/EqXSW5En6INHEvEXQiuff7Gku0PWjU3uf6w/j9o7O+SpB5fOAkrI5HeoNgwjEO0pFsA==}
    engines: {node: '>=12'}
    dependencies:
      '@jridgewell/sourcemap-codec': 1.4.15
    dev: true

  /ua-parser-js@1.0.37:
    resolution: {integrity: sha512-bhTyI94tZofjo+Dn8SN6Zv8nBDvyXTymAdM3LDI/0IboIUwTu1rEhW7v2TfiVsoYWgkQ4kOVqnI8APUFbIQIFQ==}
    dev: true
